# Generated by pub
# See https://dart.dev/tools/pub/glossary#lockfile
packages:
  _fe_analyzer_shared:
    dependency: transitive
    description:
      name: _fe_analyzer_shared
      url: "https://flutter.alibaba-inc.com"
    source: hosted
    version: "6.0.0"
  analyzer:
    dependency: transitive
    description:
      name: analyzer
      url: "https://flutter.alibaba-inc.com"
    source: hosted
    version: "0.39.14"
  args:
    dependency: transitive
    description:
      name: args
      url: "https://flutter.alibaba-inc.com"
    source: hosted
    version: "1.6.0"
  async:
    dependency: transitive
    description:
      name: async
      url: "https://flutter.alibaba-inc.com"
    source: hosted
    version: "2.5.0-nullsafety.1"
  bloc:
    dependency: transitive
    description:
      name: bloc
      url: "https://flutter.alibaba-inc.com"
    source: hosted
    version: "5.0.1"
  boolean_selector:
    dependency: transitive
    description:
      name: boolean_selector
      url: "https://flutter.alibaba-inc.com"
    source: hosted
    version: "2.1.0-nullsafety.1"
  browser_launcher:
    dependency: transitive
    description:
      name: browser_launcher
      url: "https://flutter.alibaba-inc.com"
    source: hosted
    version: "0.1.8"
  build:
    dependency: transitive
    description:
      name: build
      url: "https://flutter.alibaba-inc.com"
    source: hosted
    version: "1.3.0"
  build_config:
    dependency: transitive
    description:
      name: build_config
      url: "https://flutter.alibaba-inc.com"
    source: hosted
    version: "0.4.2"
  build_daemon:
    dependency: transitive
    description:
      name: build_daemon
      url: "https://flutter.alibaba-inc.com"
    source: hosted
    version: "2.1.4"
  build_resolvers:
    dependency: transitive
    description:
      name: build_resolvers
      url: "https://flutter.alibaba-inc.com"
    source: hosted
    version: "1.3.11"
  build_runner:
    dependency: "direct dev"
    description:
      name: build_runner
      url: "https://flutter.alibaba-inc.com"
    source: hosted
    version: "1.10.1"
  build_runner_core:
    dependency: transitive
    description:
      name: build_runner_core
      url: "https://flutter.alibaba-inc.com"
    source: hosted
    version: "6.0.1"
  built_collection:
    dependency: transitive
    description:
      name: built_collection
      url: "https://flutter.alibaba-inc.com"
    source: hosted
    version: "4.3.2"
  built_value:
    dependency: transitive
    description:
      name: built_value
      url: "https://flutter.alibaba-inc.com"
    source: hosted
    version: "7.1.0"
  characters:
    dependency: transitive
    description:
      name: characters
      url: "https://flutter.alibaba-inc.com"
    source: hosted
    version: "1.1.0-nullsafety.3"
  charcode:
    dependency: transitive
    description:
      name: charcode
      url: "https://flutter.alibaba-inc.com"
    source: hosted
    version: "1.2.0-nullsafety.1"
  checked_yaml:
    dependency: transitive
    description:
      name: checked_yaml
      url: "https://flutter.alibaba-inc.com"
    source: hosted
    version: "1.0.4"
  cli_util:
    dependency: transitive
    description:
      name: cli_util
      url: "https://flutter.alibaba-inc.com"
    source: hosted
    version: "0.1.4"
  clock:
    dependency: transitive
    description:
      name: clock
      url: "https://flutter.alibaba-inc.com"
    source: hosted
    version: "1.1.0-nullsafety.1"
  code_builder:
    dependency: transitive
    description:
      name: code_builder
      url: "https://flutter.alibaba-inc.com"
    source: hosted
    version: "3.5.0"
  collection:
    dependency: transitive
    description:
      name: collection
      url: "https://flutter.alibaba-inc.com"
    source: hosted
    version: "1.15.0-nullsafety.3"
  convert:
    dependency: transitive
    description:
      name: convert
      url: "https://flutter.alibaba-inc.com"
    source: hosted
    version: "2.1.1"
  cookie_jar:
    dependency: "direct main"
    description:
      name: cookie_jar
      url: "https://flutter.alibaba-inc.com"
    source: hosted
    version: "1.0.1"
  crypto:
    dependency: transitive
    description:
      name: crypto
      url: "https://flutter.alibaba-inc.com"
    source: hosted
    version: "2.1.5"
  csslib:
    dependency: transitive
    description:
      name: csslib
      url: "https://flutter.alibaba-inc.com"
    source: hosted
    version: "0.16.2"
  cubit:
    dependency: transitive
    description:
      name: cubit
      url: "https://flutter.alibaba-inc.com"
    source: hosted
    version: "0.1.2"
  cupertino_icons:
    dependency: "direct main"
    description:
      name: cupertino_icons
      url: "https://flutter.alibaba-inc.com"
    source: hosted
    version: "0.1.3"
  dart_style:
    dependency: transitive
    description:
      name: dart_style
      url: "https://flutter.alibaba-inc.com"
    source: hosted
    version: "1.3.6"
  devtools:
    dependency: transitive
    description:
      name: devtools
      url: "https://flutter.alibaba-inc.com"
    source: hosted
    version: "0.2.5"
  devtools_server:
    dependency: transitive
    description:
      name: devtools_server
      url: "https://flutter.alibaba-inc.com"
    source: hosted
    version: "0.2.5"
  devtools_shared:
    dependency: transitive
    description:
      name: devtools_shared
      url: "https://flutter.alibaba-inc.com"
    source: hosted
    version: "0.2.5"
  dio:
    dependency: "direct main"
    description:
      name: dio
      url: "https://flutter.alibaba-inc.com"
    source: hosted
    version: "3.0.10"
  dio_cookie_manager:
    dependency: "direct main"
    description:
      name: dio_cookie_manager
      url: "https://flutter.alibaba-inc.com"
    source: hosted
    version: "1.0.0"
  dwds:
    dependency: "direct main"
    description:
      name: dwds
      url: "https://flutter.alibaba-inc.com"
    source: hosted
    version: "5.1.0"
  equatable:
    dependency: "direct main"
    description:
      name: equatable
      url: "https://flutter.alibaba-inc.com"
    source: hosted
    version: "1.2.5"
  fake_async:
    dependency: transitive
    description:
      name: fake_async
      url: "https://flutter.alibaba-inc.com"
    source: hosted
    version: "1.2.0-nullsafety.1"
  file:
    dependency: transitive
    description:
      name: file
      url: "https://flutter.alibaba-inc.com"
    source: hosted
    version: "5.2.1"
  fixnum:
    dependency: transitive
    description:
      name: fixnum
      url: "https://flutter.alibaba-inc.com"
    source: hosted
    version: "0.10.11"
  flutter:
    dependency: "direct main"
    description: flutter
    source: sdk
    version: "0.0.0"
  flutter_bloc:
    dependency: "direct main"
    description:
      name: flutter_bloc
      url: "https://flutter.alibaba-inc.com"
    source: hosted
    version: "5.0.1"
  flutter_cubit:
    dependency: transitive
    description:
      name: flutter_cubit
      url: "https://flutter.alibaba-inc.com"
    source: hosted
    version: "0.1.1"
  flutter_easyrefresh:
    dependency: "direct main"
    description:
      name: flutter_easyrefresh
      url: "https://flutter.alibaba-inc.com"
    source: hosted
    version: "2.1.7"
  flutter_test:
    dependency: "direct dev"
    description: flutter
    source: sdk
    version: "0.0.0"
  glob:
    dependency: transitive
    description:
      name: glob
      url: "https://flutter.alibaba-inc.com"
    source: hosted
    version: "1.2.0"
  graphs:
    dependency: transitive
    description:
      name: graphs
      url: "https://flutter.alibaba-inc.com"
    source: hosted
    version: "0.2.0"
  html:
    dependency: transitive
    description:
      name: html
      url: "https://flutter.alibaba-inc.com"
    source: hosted
    version: "0.14.0+4"
  http:
    dependency: transitive
    description:
      name: http
      url: "https://flutter.alibaba-inc.com"
    source: hosted
    version: "0.12.2"
  http_multi_server:
    dependency: transitive
    description:
      name: http_multi_server
      url: "https://flutter.alibaba-inc.com"
    source: hosted
    version: "2.2.0"
  http_parser:
    dependency: transitive
    description:
      name: http_parser
      url: "https://flutter.alibaba-inc.com"
    source: hosted
    version: "3.1.4"
  intl:
    dependency: transitive
    description:
      name: intl
      url: "https://flutter.alibaba-inc.com"
    source: hosted
    version: "0.16.1"
  io:
    dependency: transitive
    description:
      name: io
      url: "https://flutter.alibaba-inc.com"
    source: hosted
    version: "0.3.4"
  js:
    dependency: transitive
    description:
      name: js
      url: "https://flutter.alibaba-inc.com"
    source: hosted
    version: "0.6.2"
  json_annotation:
    dependency: "direct main"
    description:
      name: json_annotation
      url: "https://flutter.alibaba-inc.com"
    source: hosted
    version: "3.1.1"
  json_serializable:
    dependency: "direct dev"
    description:
      name: json_serializable
      url: "https://flutter.alibaba-inc.com"
    source: hosted
    version: "3.5.1"
  logging:
    dependency: transitive
    description:
      name: logging
      url: "https://flutter.alibaba-inc.com"
    source: hosted
    version: "0.11.4"
  matcher:
    dependency: transitive
    description:
      name: matcher
      url: "https://flutter.alibaba-inc.com"
    source: hosted
    version: "0.12.10-nullsafety.1"
  meta:
    dependency: transitive
    description:
      name: meta
      url: "https://flutter.alibaba-inc.com"
    source: hosted
    version: "1.3.0-nullsafety.3"
  mime:
    dependency: transitive
    description:
      name: mime
      url: "https://flutter.alibaba-inc.com"
    source: hosted
    version: "0.9.7"
  nested:
    dependency: transitive
    description:
      name: nested
      url: "https://flutter.alibaba-inc.com"
    source: hosted
    version: "0.0.4"
  node_interop:
    dependency: transitive
    description:
      name: node_interop
      url: "https://flutter.alibaba-inc.com"
    source: hosted
    version: "1.2.1"
  node_io:
    dependency: transitive
    description:
      name: node_io
      url: "https://flutter.alibaba-inc.com"
    source: hosted
    version: "1.2.0"
  package_config:
    dependency: transitive
    description:
      name: package_config
      url: "https://flutter.alibaba-inc.com"
    source: hosted
    version: "1.9.3"
  path:
    dependency: transitive
    description:
      name: path
      url: "https://flutter.alibaba-inc.com"
    source: hosted
    version: "1.8.0-nullsafety.1"
  pedantic:
    dependency: transitive
    description:
      name: pedantic
      url: "https://flutter.alibaba-inc.com"
    source: hosted
    version: "1.9.0"
  pool:
    dependency: transitive
    description:
      name: pool
      url: "https://flutter.alibaba-inc.com"
    source: hosted
    version: "1.4.0"
  provider:
    dependency: transitive
    description:
      name: provider
      url: "https://flutter.alibaba-inc.com"
    source: hosted
    version: "4.3.2+3"
  pub_semver:
    dependency: transitive
    description:
      name: pub_semver
      url: "https://flutter.alibaba-inc.com"
    source: hosted
    version: "1.4.4"
  pubspec_parse:
    dependency: transitive
    description:
      name: pubspec_parse
      url: "https://flutter.alibaba-inc.com"
    source: hosted
    version: "0.1.7"
  quiver:
    dependency: transitive
    description:
      name: quiver
      url: "https://flutter.alibaba-inc.com"
    source: hosted
    version: "2.1.5"
  shelf:
    dependency: transitive
    description:
      name: shelf
      url: "https://flutter.alibaba-inc.com"
    source: hosted
    version: "0.7.9"
  shelf_packages_handler:
    dependency: transitive
    description:
      name: shelf_packages_handler
      url: "https://flutter.alibaba-inc.com"
    source: hosted
    version: "2.0.0"
  shelf_proxy:
    dependency: transitive
    description:
      name: shelf_proxy
      url: "https://flutter.alibaba-inc.com"
    source: hosted
    version: "0.1.0+7"
  shelf_static:
    dependency: transitive
    description:
      name: shelf_static
      url: "https://flutter.alibaba-inc.com"
    source: hosted
    version: "0.2.8"
  shelf_web_socket:
    dependency: transitive
    description:
      name: shelf_web_socket
      url: "https://flutter.alibaba-inc.com"
    source: hosted
    version: "0.2.3"
  sky_engine:
    dependency: transitive
    description: flutter
    source: sdk
    version: "0.0.99"
  source_gen:
    dependency: transitive
    description:
      name: source_gen
      url: "https://flutter.alibaba-inc.com"
    source: hosted
    version: "0.9.7+1"
  source_maps:
    dependency: transitive
    description:
      name: source_maps
      url: "https://flutter.alibaba-inc.com"
    source: hosted
    version: "0.10.9"
  source_span:
    dependency: transitive
    description:
      name: source_span
      url: "https://flutter.alibaba-inc.com"
    source: hosted
    version: "1.8.0-nullsafety.2"
  sse:
    dependency: transitive
    description:
      name: sse
      url: "https://flutter.alibaba-inc.com"
    source: hosted
    version: "3.6.0"
  stack_trace:
    dependency: transitive
    description:
      name: stack_trace
      url: "https://flutter.alibaba-inc.com"
    source: hosted
    version: "1.10.0-nullsafety.1"
  stream_channel:
    dependency: transitive
    description:
      name: stream_channel
      url: "https://flutter.alibaba-inc.com"
    source: hosted
    version: "2.1.0-nullsafety.1"
  stream_transform:
    dependency: transitive
    description:
      name: stream_transform
      url: "https://flutter.alibaba-inc.com"
    source: hosted
    version: "1.2.0"
  string_scanner:
    dependency: transitive
    description:
      name: string_scanner
      url: "https://flutter.alibaba-inc.com"
    source: hosted
    version: "1.1.0-nullsafety.1"
  term_glyph:
    dependency: transitive
    description:
      name: term_glyph
      url: "https://flutter.alibaba-inc.com"
    source: hosted
    version: "1.2.0-nullsafety.1"
  test_api:
    dependency: transitive
    description:
      name: test_api
      url: "https://flutter.alibaba-inc.com"
    source: hosted
    version: "0.2.19-nullsafety.2"
  timing:
    dependency: transitive
    description:
      name: timing
      url: "https://flutter.alibaba-inc.com"
    source: hosted
    version: "0.1.1+3"
  typed_data:
    dependency: transitive
    description:
      name: typed_data
      url: "https://flutter.alibaba-inc.com"
    source: hosted
    version: "1.3.0-nullsafety.3"
  usage:
    dependency: transitive
    description:
      name: usage
      url: "https://flutter.alibaba-inc.com"
    source: hosted
    version: "3.4.2"
  uuid:
    dependency: transitive
    description:
      name: uuid
      url: "https://flutter.alibaba-inc.com"
    source: hosted
    version: "2.2.2"
  vector_math:
    dependency: transitive
    description:
      name: vector_math
      url: "https://flutter.alibaba-inc.com"
    source: hosted
    version: "2.1.0-nullsafety.3"
  vm_service:
    dependency: transitive
    description:
      name: vm_service
      url: "https://flutter.alibaba-inc.com"
    source: hosted
    version: "4.1.0"
  watcher:
    dependency: transitive
    description:
      name: watcher
      url: "https://flutter.alibaba-inc.com"
    source: hosted
    version: "0.9.7+15"
  web_socket_channel:
    dependency: transitive
    description:
      name: web_socket_channel
      url: "https://flutter.alibaba-inc.com"
    source: hosted
    version: "1.1.0"
  webkit_inspection_protocol:
    dependency: transitive
    description:
      name: webkit_inspection_protocol
      url: "https://flutter.alibaba-inc.com"
    source: hosted
    version: "0.7.4"
  yaml:
    dependency: transitive
    description:
      name: yaml
      url: "https://flutter.alibaba-inc.com"
    source: hosted
    version: "2.2.1"
sdks:
  dart: ">=2.10.0-110 <2.11.0"
  flutter: ">=1.16.0 <2.0.0"
